
Microsoft Visual Studio Solution File, Format Version 12.00
# Visual Studio Version 17
VisualStudioVersion = 17.12.35527.113
MinimumVisualStudioVersion = 10.0.40219.1
Project("{FAE04EC0-301F-11D3-BF4B-00C04F79EFBC}") = "PdfBuilder.Service", "PdfBuilder.Service\PdfBuilder.Service.csproj", "{CDD4566B-C2D0-4042-A77C-4EA2C235FD95}"
EndProject
Project("{FAE04EC0-301F-11D3-BF4B-00C04F79EFBC}") = "PdfBuilder.Api", "PdfBuilder.Api\PdfBuilder.Api.csproj", "{7A70D87D-DB37-4D92-ADD7-BB1DDDE6ADDA}"
EndProject
Project("{2150E333-8FDC-42A3-9474-1A3956D46DE8}") = "Contracts", "Contracts", "{F653D705-F030-4241-9409-3E678BA5925D}"
	ProjectSection(SolutionItems) = preProject
		cv.proto = cv.proto
	EndProjectSection
EndProject
Project("{FAE04EC0-301F-11D3-BF4B-00C04F79EFBC}") = "PdfBuilder.Common.FileSystem", "PdfBuilder.Common.FileSystem\PdfBuilder.Common.FileSystem.csproj", "{63B18EBF-8102-4295-B08A-EF6873582B67}"
EndProject
Global
	GlobalSection(SolutionConfigurationPlatforms) = preSolution
		Debug|Any CPU = Debug|Any CPU
		Release|Any CPU = Release|Any CPU
	EndGlobalSection
	GlobalSection(ProjectConfigurationPlatforms) = postSolution
		{CDD4566B-C2D0-4042-A77C-4EA2C235FD95}.Debug|Any CPU.ActiveCfg = Debug|Any CPU
		{CDD4566B-C2D0-4042-A77C-4EA2C235FD95}.Debug|Any CPU.Build.0 = Debug|Any CPU
		{CDD4566B-C2D0-4042-A77C-4EA2C235FD95}.Release|Any CPU.ActiveCfg = Release|Any CPU
		{CDD4566B-C2D0-4042-A77C-4EA2C235FD95}.Release|Any CPU.Build.0 = Release|Any CPU
		{7A70D87D-DB37-4D92-ADD7-BB1DDDE6ADDA}.Debug|Any CPU.ActiveCfg = Debug|Any CPU
		{7A70D87D-DB37-4D92-ADD7-BB1DDDE6ADDA}.Debug|Any CPU.Build.0 = Debug|Any CPU
		{7A70D87D-DB37-4D92-ADD7-BB1DDDE6ADDA}.Release|Any CPU.ActiveCfg = Release|Any CPU
		{7A70D87D-DB37-4D92-ADD7-BB1DDDE6ADDA}.Release|Any CPU.Build.0 = Release|Any CPU
		{63B18EBF-8102-4295-B08A-EF6873582B67}.Debug|Any CPU.ActiveCfg = Debug|Any CPU
		{63B18EBF-8102-4295-B08A-EF6873582B67}.Debug|Any CPU.Build.0 = Debug|Any CPU
		{63B18EBF-8102-4295-B08A-EF6873582B67}.Release|Any CPU.ActiveCfg = Release|Any CPU
		{63B18EBF-8102-4295-B08A-EF6873582B67}.Release|Any CPU.Build.0 = Release|Any CPU
	EndGlobalSection
	GlobalSection(SolutionProperties) = preSolution
		HideSolutionNode = FALSE
	EndGlobalSection
EndGlobal
